
Microsoft Visual Studio Solution File, Format Version 12.00
# Visual Studio Version 16
VisualStudioVersion = 16.0.31105.61
MinimumVisualStudioVersion = 10.0.40219.1
Project("{FAE04EC0-301F-11D3-BF4B-00C04F79EFBC}") = "SimpleCommerce.Android", "App3.Android\SimpleCommerce.Android.csproj", "{9233CD46-1BD7-4F47-8D35-BE399B46DE3D}"
EndProject
Project("{9A19103F-16F7-4668-BE54-9A1E7A4F7556}") = "SimpleCommerce", "App3\SimpleCommerce.csproj", "{F9BCD18F-0A4A-48A6-B5B5-A68E5CEB4006}"
EndProject
Global
	GlobalSection(SolutionConfigurationPlatforms) = preSolution
		Debug|Any CPU = Debug|Any CPU
		Release|Any CPU = Release|Any CPU
	EndGlobalSection
	GlobalSection(ProjectConfigurationPlatforms) = postSolution
		{9233CD46-1BD7-4F47-8D35-BE399B46DE3D}.Debug|Any CPU.ActiveCfg = Debug|Any CPU
		{9233CD46-1BD7-4F47-8D35-BE399B46DE3D}.Debug|Any CPU.Build.0 = Debug|Any CPU
		{9233CD46-1BD7-4F47-8D35-BE399B46DE3D}.Debug|Any CPU.Deploy.0 = Debug|Any CPU
		{9233CD46-1BD7-4F47-8D35-BE399B46DE3D}.Release|Any CPU.ActiveCfg = Release|Any CPU
		{9233CD46-1BD7-4F47-8D35-BE399B46DE3D}.Release|Any CPU.Build.0 = Release|Any CPU
		{9233CD46-1BD7-4F47-8D35-BE399B46DE3D}.Release|Any CPU.Deploy.0 = Release|Any CPU
		{F9BCD18F-0A4A-48A6-B5B5-A68E5CEB4006}.Debug|Any CPU.ActiveCfg = Debug|Any CPU
		{F9BCD18F-0A4A-48A6-B5B5-A68E5CEB4006}.Debug|Any CPU.Build.0 = Debug|Any CPU
		{F9BCD18F-0A4A-48A6-B5B5-A68E5CEB4006}.Debug|Any CPU.Deploy.0 = Debug|Any CPU
		{F9BCD18F-0A4A-48A6-B5B5-A68E5CEB4006}.Release|Any CPU.ActiveCfg = Release|Any CPU
		{F9BCD18F-0A4A-48A6-B5B5-A68E5CEB4006}.Release|Any CPU.Build.0 = Release|Any CPU
		{F9BCD18F-0A4A-48A6-B5B5-A68E5CEB4006}.Release|Any CPU.Deploy.0 = Release|Any CPU
	EndGlobalSection
	GlobalSection(SolutionProperties) = preSolution
		HideSolutionNode = FALSE
	EndGlobalSection
	GlobalSection(ExtensibilityGlobals) = postSolution
		SolutionGuid = {AF92F1E6-E429-414A-9EE2-A31A296AAA9C}
	EndGlobalSection
EndGlobal
